
Microsoft Visual Studio Solution File, Format Version 12.00
# Visual Studio Version 17
VisualStudioVersion = 17.0.31903.59
MinimumVisualStudioVersion = 10.0.40219.1
Project("{FAE04EC0-301F-11D3-BF4B-00C04F79EFBC}") = "WebApplication1", "WebApplication1\WebApplication1.csproj", "{22DD049A-9C64-408F-BC19-F8F211AB2726}"
EndProject
Global
	GlobalSection(SolutionConfigurationPlatforms) = preSolution
		Debug|Any CPU = Debug|Any CPU
		Release|Any CPU = Release|Any CPU
	EndGlobalSection
	GlobalSection(ProjectConfigurationPlatforms) = postSolution
		{22DD049A-9C64-408F-BC19-F8F211AB2726}.Debug|Any CPU.ActiveCfg = Debug|Any CPU
		{22DD049A-9C64-408F-BC19-F8F211AB2726}.Debug|Any CPU.Build.0 = Debug|Any CPU
		{22DD049A-9C64-408F-BC19-F8F211AB2726}.Release|Any CPU.ActiveCfg = Release|Any CPU
		{22DD049A-9C64-408F-BC19-F8F211AB2726}.Release|Any CPU.Build.0 = Release|Any CPU
	EndGlobalSection
	GlobalSection(SolutionProperties) = preSolution
		HideSolutionNode = FALSE
	EndGlobalSection
	GlobalSection(ExtensibilityGlobals) = postSolution
		SolutionGuid = {6EDE2E19-A1D2-4D6A-A487-FFCAB728DEEA}
	EndGlobalSection
EndGlobal
